
Microsoft Visual Studio Solution File, Format Version 12.00
# Visual Studio Version 17
VisualStudioVersion = 17.11.35327.3
MinimumVisualStudioVersion = 10.0.40219.1
Project("{FAE04EC0-301F-11D3-BF4B-00C04F79EFBC}") = "CompressionForce.Web", "CompressionForce.Web\CompressionForce.Web.csproj", "{FBA5112D-C7AE-44B3-8E3E-48B07D2D68B2}"
	ProjectSection(ProjectDependencies) = postProject
		{2E31CA45-8ED2-4D54-BAA1-5043A1E2A76E} = {2E31CA45-8ED2-4D54-BAA1-5043A1E2A76E}
		{A5EC0F51-2DAB-4770-BB5B-2306F9BA2F69} = {A5EC0F51-2DAB-4770-BB5B-2306F9BA2F69}
		{E0430AF5-5073-4A56-91F6-8F9F525A5D1A} = {E0430AF5-5073-4A56-91F6-8F9F525A5D1A}
	EndProjectSection
EndProject
Project("{FAE04EC0-301F-11D3-BF4B-00C04F79EFBC}") = "CompressionForce.Data", "CompressionForce.Data\CompressionForce.Data.csproj", "{A5EC0F51-2DAB-4770-BB5B-2306F9BA2F69}"
	ProjectSection(ProjectDependencies) = postProject
		{E0430AF5-5073-4A56-91F6-8F9F525A5D1A} = {E0430AF5-5073-4A56-91F6-8F9F525A5D1A}
	EndProjectSection
EndProject
Project("{FAE04EC0-301F-11D3-BF4B-00C04F79EFBC}") = "CompressionForce.Domain", "CompressionForce.Domain\CompressionForce.Domain.csproj", "{E0430AF5-5073-4A56-91F6-8F9F525A5D1A}"
EndProject
Project("{FAE04EC0-301F-11D3-BF4B-00C04F79EFBC}") = "CompressionForce.Integrations", "CompressionForce.Integrations\CompressionForce.Integrations.csproj", "{CCFB87E3-D447-4256-85B3-DF495D039D6A}"
	ProjectSection(ProjectDependencies) = postProject
		{E0430AF5-5073-4A56-91F6-8F9F525A5D1A} = {E0430AF5-5073-4A56-91F6-8F9F525A5D1A}
	EndProjectSection
EndProject
Project("{FAE04EC0-301F-11D3-BF4B-00C04F79EFBC}") = "CompressionForce.Services", "CompressionForce.Services\CompressionForce.Services.csproj", "{2E31CA45-8ED2-4D54-BAA1-5043A1E2A76E}"
	ProjectSection(ProjectDependencies) = postProject
		{A5EC0F51-2DAB-4770-BB5B-2306F9BA2F69} = {A5EC0F51-2DAB-4770-BB5B-2306F9BA2F69}
		{CCFB87E3-D447-4256-85B3-DF495D039D6A} = {CCFB87E3-D447-4256-85B3-DF495D039D6A}
		{E0430AF5-5073-4A56-91F6-8F9F525A5D1A} = {E0430AF5-5073-4A56-91F6-8F9F525A5D1A}
	EndProjectSection
EndProject
Global
	GlobalSection(SolutionConfigurationPlatforms) = preSolution
		Debug|Any CPU = Debug|Any CPU
		Release|Any CPU = Release|Any CPU
	EndGlobalSection
	GlobalSection(ProjectConfigurationPlatforms) = postSolution
		{FBA5112D-C7AE-44B3-8E3E-48B07D2D68B2}.Debug|Any CPU.ActiveCfg = Debug|Any CPU
		{FBA5112D-C7AE-44B3-8E3E-48B07D2D68B2}.Debug|Any CPU.Build.0 = Debug|Any CPU
		{FBA5112D-C7AE-44B3-8E3E-48B07D2D68B2}.Release|Any CPU.ActiveCfg = Release|Any CPU
		{FBA5112D-C7AE-44B3-8E3E-48B07D2D68B2}.Release|Any CPU.Build.0 = Release|Any CPU
		{A5EC0F51-2DAB-4770-BB5B-2306F9BA2F69}.Debug|Any CPU.ActiveCfg = Debug|Any CPU
		{A5EC0F51-2DAB-4770-BB5B-2306F9BA2F69}.Debug|Any CPU.Build.0 = Debug|Any CPU
		{A5EC0F51-2DAB-4770-BB5B-2306F9BA2F69}.Release|Any CPU.ActiveCfg = Release|Any CPU
		{A5EC0F51-2DAB-4770-BB5B-2306F9BA2F69}.Release|Any CPU.Build.0 = Release|Any CPU
		{E0430AF5-5073-4A56-91F6-8F9F525A5D1A}.Debug|Any CPU.ActiveCfg = Debug|Any CPU
		{E0430AF5-5073-4A56-91F6-8F9F525A5D1A}.Debug|Any CPU.Build.0 = Debug|Any CPU
		{E0430AF5-5073-4A56-91F6-8F9F525A5D1A}.Release|Any CPU.ActiveCfg = Release|Any CPU
		{E0430AF5-5073-4A56-91F6-8F9F525A5D1A}.Release|Any CPU.Build.0 = Release|Any CPU
		{CCFB87E3-D447-4256-85B3-DF495D039D6A}.Debug|Any CPU.ActiveCfg = Debug|Any CPU
		{CCFB87E3-D447-4256-85B3-DF495D039D6A}.Debug|Any CPU.Build.0 = Debug|Any CPU
		{CCFB87E3-D447-4256-85B3-DF495D039D6A}.Release|Any CPU.ActiveCfg = Release|Any CPU
		{CCFB87E3-D447-4256-85B3-DF495D039D6A}.Release|Any CPU.Build.0 = Release|Any CPU
		{2E31CA45-8ED2-4D54-BAA1-5043A1E2A76E}.Debug|Any CPU.ActiveCfg = Debug|Any CPU
		{2E31CA45-8ED2-4D54-BAA1-5043A1E2A76E}.Debug|Any CPU.Build.0 = Debug|Any CPU
		{2E31CA45-8ED2-4D54-BAA1-5043A1E2A76E}.Release|Any CPU.ActiveCfg = Release|Any CPU
		{2E31CA45-8ED2-4D54-BAA1-5043A1E2A76E}.Release|Any CPU.Build.0 = Release|Any CPU
	EndGlobalSection
	GlobalSection(SolutionProperties) = preSolution
		HideSolutionNode = FALSE
	EndGlobalSection
	GlobalSection(ExtensibilityGlobals) = postSolution
		SolutionGuid = {F755F12B-9A55-4695-9A6B-DFD8E45D1C7E}
	EndGlobalSection
EndGlobal
